
Microsoft Visual Studio Solution File, Format Version 12.00
# Visual Studio 2013
VisualStudioVersion = 12.0.21005.1
MinimumVisualStudioVersion = 10.0.40219.1
Project("{00D1A9C2-B5F0-4AF3-8072-F6C62B433612}") = "Database", "Database\Database.sqlproj", "{15FED333-2AC5-4C7E-B502-EFC5C5A099AF}"
EndProject
Project("{FAE04EC0-301F-11D3-BF4B-00C04F79EFBC}") = "RestFullApi", "RestFullApi\RestFullApi.csproj", "{6D879552-CD31-4A38-B910-EB51461E2D47}"
EndProject
Project("{FAE04EC0-301F-11D3-BF4B-00C04F79EFBC}") = "WebApplication", "WebApplication\WebApplication.csproj", "{96229E14-08A4-4801-BAC9-5C077A783C37}"
EndProject
Global
	GlobalSection(SolutionConfigurationPlatforms) = preSolution
		Debug|Any CPU = Debug|Any CPU
		Release|Any CPU = Release|Any CPU
	EndGlobalSection
	GlobalSection(ProjectConfigurationPlatforms) = postSolution
		{15FED333-2AC5-4C7E-B502-EFC5C5A099AF}.Debug|Any CPU.ActiveCfg = Debug|Any CPU
		{15FED333-2AC5-4C7E-B502-EFC5C5A099AF}.Debug|Any CPU.Build.0 = Debug|Any CPU
		{15FED333-2AC5-4C7E-B502-EFC5C5A099AF}.Debug|Any CPU.Deploy.0 = Debug|Any CPU
		{15FED333-2AC5-4C7E-B502-EFC5C5A099AF}.Release|Any CPU.ActiveCfg = Release|Any CPU
		{15FED333-2AC5-4C7E-B502-EFC5C5A099AF}.Release|Any CPU.Build.0 = Release|Any CPU
		{15FED333-2AC5-4C7E-B502-EFC5C5A099AF}.Release|Any CPU.Deploy.0 = Release|Any CPU
		{6D879552-CD31-4A38-B910-EB51461E2D47}.Debug|Any CPU.ActiveCfg = Debug|Any CPU
		{6D879552-CD31-4A38-B910-EB51461E2D47}.Debug|Any CPU.Build.0 = Debug|Any CPU
		{6D879552-CD31-4A38-B910-EB51461E2D47}.Release|Any CPU.ActiveCfg = Release|Any CPU
		{6D879552-CD31-4A38-B910-EB51461E2D47}.Release|Any CPU.Build.0 = Release|Any CPU
		{96229E14-08A4-4801-BAC9-5C077A783C37}.Debug|Any CPU.ActiveCfg = Debug|Any CPU
		{96229E14-08A4-4801-BAC9-5C077A783C37}.Debug|Any CPU.Build.0 = Debug|Any CPU
		{96229E14-08A4-4801-BAC9-5C077A783C37}.Release|Any CPU.ActiveCfg = Release|Any CPU
		{96229E14-08A4-4801-BAC9-5C077A783C37}.Release|Any CPU.Build.0 = Release|Any CPU
	EndGlobalSection
	GlobalSection(SolutionProperties) = preSolution
		HideSolutionNode = FALSE
	EndGlobalSection
EndGlobal
